
Microsoft Visual Studio Solution File, Format Version 12.00
# Visual Studio 15
VisualStudioVersion = 15.0.27004.2006
MinimumVisualStudioVersion = 10.0.40219.1
Project("{8BC9CEB8-8B4A-11D0-8D11-00A0C91BC942}") = "Timelapse", "Timelapse\Timelapse.vcxproj", "{44A8047E-05F5-4443-9EF0-D27730FE8DAF}"
EndProject
Global
	GlobalSection(SolutionConfigurationPlatforms) = preSolution
		Debug|x64 = Debug|x64
		Debug|x86 = Debug|x86
		Release|x64 = Release|x64
		Release|x86 = Release|x86
	EndGlobalSection
	GlobalSection(ProjectConfigurationPlatforms) = postSolution
		{44A8047E-05F5-4443-9EF0-D27730FE8DAF}.Debug|x64.ActiveCfg = Debug|x64
		{44A8047E-05F5-4443-9EF0-D27730FE8DAF}.Debug|x64.Build.0 = Debug|x64
		{44A8047E-05F5-4443-9EF0-D27730FE8DAF}.Debug|x86.ActiveCfg = Debug|Win32
		{44A8047E-05F5-4443-9EF0-D27730FE8DAF}.Debug|x86.Build.0 = Debug|Win32
		{44A8047E-05F5-4443-9EF0-D27730FE8DAF}.Release|x64.ActiveCfg = Release|x64
		{44A8047E-05F5-4443-9EF0-D27730FE8DAF}.Release|x64.Build.0 = Release|x64
		{44A8047E-05F5-4443-9EF0-D27730FE8DAF}.Release|x86.ActiveCfg = Release|Win32
		{44A8047E-05F5-4443-9EF0-D27730FE8DAF}.Release|x86.Build.0 = Release|Win32
	EndGlobalSection
	GlobalSection(SolutionProperties) = preSolution
		HideSolutionNode = FALSE
	EndGlobalSection
	GlobalSection(ExtensibilityGlobals) = postSolution
		SolutionGuid = {69D98018-78DA-4059-9B27-E64C2D20726C}
	EndGlobalSection
EndGlobal
